
Microsoft Visual Studio Solution File, Format Version 12.00
# Visual Studio 2013
VisualStudioVersion = 12.0.21005.1
MinimumVisualStudioVersion = 10.0.40219.1
Project("{FAE04EC0-301F-11D3-BF4B-00C04F79EFBC}") = "AULA", "AULA\AULA.csproj", "{1EA0912B-6BB5-496D-97A0-5C56EA74747E}"
EndProject
Project("{FAE04EC0-301F-11D3-BF4B-00C04F79EFBC}") = "Unidades", "E:\Visual Studio\SolutionExercicios\Unidade II\Unidades.csproj", "{D37479EB-7081-4728-A55F-E3DC164638D4}"
EndProject
Global
	GlobalSection(SolutionConfigurationPlatforms) = preSolution
		Debug|Any CPU = Debug|Any CPU
		Release|Any CPU = Release|Any CPU
	EndGlobalSection
	GlobalSection(ProjectConfigurationPlatforms) = postSolution
		{1EA0912B-6BB5-496D-97A0-5C56EA74747E}.Debug|Any CPU.ActiveCfg = Debug|Any CPU
		{1EA0912B-6BB5-496D-97A0-5C56EA74747E}.Debug|Any CPU.Build.0 = Debug|Any CPU
		{1EA0912B-6BB5-496D-97A0-5C56EA74747E}.Release|Any CPU.ActiveCfg = Release|Any CPU
		{1EA0912B-6BB5-496D-97A0-5C56EA74747E}.Release|Any CPU.Build.0 = Release|Any CPU
		{D37479EB-7081-4728-A55F-E3DC164638D4}.Debug|Any CPU.ActiveCfg = Debug|Any CPU
		{D37479EB-7081-4728-A55F-E3DC164638D4}.Debug|Any CPU.Build.0 = Debug|Any CPU
		{D37479EB-7081-4728-A55F-E3DC164638D4}.Release|Any CPU.ActiveCfg = Release|Any CPU
		{D37479EB-7081-4728-A55F-E3DC164638D4}.Release|Any CPU.Build.0 = Release|Any CPU
	EndGlobalSection
	GlobalSection(SolutionProperties) = preSolution
		HideSolutionNode = FALSE
	EndGlobalSection
EndGlobal
